
Microsoft Visual Studio Solution File, Format Version 12.00
# Visual Studio 14
VisualStudioVersion = 14.0.25420.1
MinimumVisualStudioVersion = 10.0.40219.1
Project("{8BB2217D-0F2D-49D1-97BC-3654ED321F3B}") = "hello-world", "hello-world\hello-world.xproj", "{06867D72-8533-4829-A0E1-65E3E583242E}"
EndProject
Project("{8BB2217D-0F2D-49D1-97BC-3654ED321F3B}") = "bob", "bob\bob.xproj", "{8BAE8031-EF5F-41BE-9676-13DFA0516ACB}"
EndProject
Project("{8BB2217D-0F2D-49D1-97BC-3654ED321F3B}") = "leap", "leap\leap.xproj", "{EB3321EA-AA5C-41AF-A8EA-716097271101}"
EndProject
Project("{8BB2217D-0F2D-49D1-97BC-3654ED321F3B}") = "gigasecond", "gigasecond\gigasecond.xproj", "{06D6637B-686C-4C14-AA1A-30CE2717689C}"
EndProject
Project("{8BB2217D-0F2D-49D1-97BC-3654ED321F3B}") = "difference-of-squares", "difference-of-squares\difference-of-squares.xproj", "{59877243-D2D1-4A7E-8BDB-BC7B0A03995E}"
EndProject
Project("{8BB2217D-0F2D-49D1-97BC-3654ED321F3B}") = "rna-transcription", "rna-transcription\rna-transcription.xproj", "{686BEF83-9A33-42BD-A25C-7C0B921BC274}"
EndProject
Project("{8BB2217D-0F2D-49D1-97BC-3654ED321F3B}") = "sum-of-multiples", "sum-of-multiples\sum-of-multiples.xproj", "{6EC644E0-374F-4895-9119-32E28724AD29}"
EndProject
Project("{8BB2217D-0F2D-49D1-97BC-3654ED321F3B}") = "space-age", "space-age\space-age.xproj", "{39C3C3C3-3F2A-4F6A-9023-704FEE94CFDE}"
EndProject
Project("{8BB2217D-0F2D-49D1-97BC-3654ED321F3B}") = "hamming", "hamming\hamming.xproj", "{6257688C-BC3D-449B-8BFC-A331B3EA4A93}"
EndProject
Project("{8BB2217D-0F2D-49D1-97BC-3654ED321F3B}") = "grains", "grains\grains.xproj", "{C06C7D7C-C78F-49F6-9234-BCC37EEA11D8}"
EndProject
Project("{8BB2217D-0F2D-49D1-97BC-3654ED321F3B}") = "pangram", "pangram\pangram.xproj", "{BFD26040-5BE1-40D8-8957-F43D31710B4C}"
EndProject
Project("{8BB2217D-0F2D-49D1-97BC-3654ED321F3B}") = "raindrops", "raindrops\raindrops.xproj", "{418704E9-C861-43A2-8377-645C52F5C99D}"
EndProject
Project("{8BB2217D-0F2D-49D1-97BC-3654ED321F3B}") = "nucleotide-count", "nucleotide-count\nucleotide-count.xproj", "{01A5EEF6-ABFA-4402-8CD2-1359FEF36C5E}"
EndProject
Project("{8BB2217D-0F2D-49D1-97BC-3654ED321F3B}") = "accumulate", "accumulate\accumulate.xproj", "{0AC53222-0083-4A49-A18A-AC4D2F2A8543}"
EndProject
Project("{8BB2217D-0F2D-49D1-97BC-3654ED321F3B}") = "bank-account", "bank-account\bank-account.xproj", "{EB88A83D-0633-48E0-B027-3575C41C9CA7}"
EndProject
Project("{8BB2217D-0F2D-49D1-97BC-3654ED321F3B}") = "grade-school", "grade-school\grade-school.xproj", "{F0405922-D53A-44F4-A185-003725216367}"
EndProject
Project("{8BB2217D-0F2D-49D1-97BC-3654ED321F3B}") = "etl", "etl\etl.xproj", "{2EBAE580-9E6C-4A6F-8F42-12BB37101272}"
EndProject
Project("{8BB2217D-0F2D-49D1-97BC-3654ED321F3B}") = "strain", "strain\strain.xproj", "{C40E35C1-C21E-4BAC-8B31-61A9D46E9F8C}"
EndProject
Project("{8BB2217D-0F2D-49D1-97BC-3654ED321F3B}") = "scrabble-score", "scrabble-score\scrabble-score.xproj", "{FD32124D-3452-4480-8E93-FA39D06F7350}"
EndProject
Project("{8BB2217D-0F2D-49D1-97BC-3654ED321F3B}") = "phone-number", "phone-number\phone-number.xproj", "{0933DA46-7952-4E71-8DBE-8CF1CD7D3F7B}"
EndProject
Global
	GlobalSection(SolutionConfigurationPlatforms) = preSolution
		Debug|Any CPU = Debug|Any CPU
		Release|Any CPU = Release|Any CPU
	EndGlobalSection
	GlobalSection(ProjectConfigurationPlatforms) = postSolution
		{06867D72-8533-4829-A0E1-65E3E583242E}.Debug|Any CPU.ActiveCfg = Debug|Any CPU
		{06867D72-8533-4829-A0E1-65E3E583242E}.Debug|Any CPU.Build.0 = Debug|Any CPU
		{06867D72-8533-4829-A0E1-65E3E583242E}.Release|Any CPU.ActiveCfg = Release|Any CPU
		{06867D72-8533-4829-A0E1-65E3E583242E}.Release|Any CPU.Build.0 = Release|Any CPU
		{8BAE8031-EF5F-41BE-9676-13DFA0516ACB}.Debug|Any CPU.ActiveCfg = Debug|Any CPU
		{8BAE8031-EF5F-41BE-9676-13DFA0516ACB}.Debug|Any CPU.Build.0 = Debug|Any CPU
		{8BAE8031-EF5F-41BE-9676-13DFA0516ACB}.Release|Any CPU.ActiveCfg = Release|Any CPU
		{8BAE8031-EF5F-41BE-9676-13DFA0516ACB}.Release|Any CPU.Build.0 = Release|Any CPU
		{EB3321EA-AA5C-41AF-A8EA-716097271101}.Debug|Any CPU.ActiveCfg = Debug|Any CPU
		{EB3321EA-AA5C-41AF-A8EA-716097271101}.Debug|Any CPU.Build.0 = Debug|Any CPU
		{EB3321EA-AA5C-41AF-A8EA-716097271101}.Release|Any CPU.ActiveCfg = Release|Any CPU
		{EB3321EA-AA5C-41AF-A8EA-716097271101}.Release|Any CPU.Build.0 = Release|Any CPU
		{06D6637B-686C-4C14-AA1A-30CE2717689C}.Debug|Any CPU.ActiveCfg = Debug|Any CPU
		{06D6637B-686C-4C14-AA1A-30CE2717689C}.Debug|Any CPU.Build.0 = Debug|Any CPU
		{06D6637B-686C-4C14-AA1A-30CE2717689C}.Release|Any CPU.ActiveCfg = Release|Any CPU
		{06D6637B-686C-4C14-AA1A-30CE2717689C}.Release|Any CPU.Build.0 = Release|Any CPU
		{59877243-D2D1-4A7E-8BDB-BC7B0A03995E}.Debug|Any CPU.ActiveCfg = Debug|Any CPU
		{59877243-D2D1-4A7E-8BDB-BC7B0A03995E}.Debug|Any CPU.Build.0 = Debug|Any CPU
		{59877243-D2D1-4A7E-8BDB-BC7B0A03995E}.Release|Any CPU.ActiveCfg = Release|Any CPU
		{59877243-D2D1-4A7E-8BDB-BC7B0A03995E}.Release|Any CPU.Build.0 = Release|Any CPU
		{686BEF83-9A33-42BD-A25C-7C0B921BC274}.Debug|Any CPU.ActiveCfg = Debug|Any CPU
		{686BEF83-9A33-42BD-A25C-7C0B921BC274}.Debug|Any CPU.Build.0 = Debug|Any CPU
		{686BEF83-9A33-42BD-A25C-7C0B921BC274}.Release|Any CPU.ActiveCfg = Release|Any CPU
		{686BEF83-9A33-42BD-A25C-7C0B921BC274}.Release|Any CPU.Build.0 = Release|Any CPU
		{6EC644E0-374F-4895-9119-32E28724AD29}.Debug|Any CPU.ActiveCfg = Debug|Any CPU
		{6EC644E0-374F-4895-9119-32E28724AD29}.Debug|Any CPU.Build.0 = Debug|Any CPU
		{6EC644E0-374F-4895-9119-32E28724AD29}.Release|Any CPU.ActiveCfg = Release|Any CPU
		{6EC644E0-374F-4895-9119-32E28724AD29}.Release|Any CPU.Build.0 = Release|Any CPU
		{39C3C3C3-3F2A-4F6A-9023-704FEE94CFDE}.Debug|Any CPU.ActiveCfg = Debug|Any CPU
		{39C3C3C3-3F2A-4F6A-9023-704FEE94CFDE}.Debug|Any CPU.Build.0 = Debug|Any CPU
		{39C3C3C3-3F2A-4F6A-9023-704FEE94CFDE}.Release|Any CPU.ActiveCfg = Release|Any CPU
		{39C3C3C3-3F2A-4F6A-9023-704FEE94CFDE}.Release|Any CPU.Build.0 = Release|Any CPU
		{6257688C-BC3D-449B-8BFC-A331B3EA4A93}.Debug|Any CPU.ActiveCfg = Debug|Any CPU
		{6257688C-BC3D-449B-8BFC-A331B3EA4A93}.Debug|Any CPU.Build.0 = Debug|Any CPU
		{6257688C-BC3D-449B-8BFC-A331B3EA4A93}.Release|Any CPU.ActiveCfg = Release|Any CPU
		{6257688C-BC3D-449B-8BFC-A331B3EA4A93}.Release|Any CPU.Build.0 = Release|Any CPU
		{C06C7D7C-C78F-49F6-9234-BCC37EEA11D8}.Debug|Any CPU.ActiveCfg = Debug|Any CPU
		{C06C7D7C-C78F-49F6-9234-BCC37EEA11D8}.Debug|Any CPU.Build.0 = Debug|Any CPU
		{C06C7D7C-C78F-49F6-9234-BCC37EEA11D8}.Release|Any CPU.ActiveCfg = Release|Any CPU
		{C06C7D7C-C78F-49F6-9234-BCC37EEA11D8}.Release|Any CPU.Build.0 = Release|Any CPU
		{BFD26040-5BE1-40D8-8957-F43D31710B4C}.Debug|Any CPU.ActiveCfg = Debug|Any CPU
		{BFD26040-5BE1-40D8-8957-F43D31710B4C}.Debug|Any CPU.Build.0 = Debug|Any CPU
		{BFD26040-5BE1-40D8-8957-F43D31710B4C}.Release|Any CPU.ActiveCfg = Release|Any CPU
		{BFD26040-5BE1-40D8-8957-F43D31710B4C}.Release|Any CPU.Build.0 = Release|Any CPU
		{418704E9-C861-43A2-8377-645C52F5C99D}.Debug|Any CPU.ActiveCfg = Debug|Any CPU
		{418704E9-C861-43A2-8377-645C52F5C99D}.Debug|Any CPU.Build.0 = Debug|Any CPU
		{418704E9-C861-43A2-8377-645C52F5C99D}.Release|Any CPU.ActiveCfg = Release|Any CPU
		{418704E9-C861-43A2-8377-645C52F5C99D}.Release|Any CPU.Build.0 = Release|Any CPU
		{01A5EEF6-ABFA-4402-8CD2-1359FEF36C5E}.Debug|Any CPU.ActiveCfg = Debug|Any CPU
		{01A5EEF6-ABFA-4402-8CD2-1359FEF36C5E}.Debug|Any CPU.Build.0 = Debug|Any CPU
		{01A5EEF6-ABFA-4402-8CD2-1359FEF36C5E}.Release|Any CPU.ActiveCfg = Release|Any CPU
		{01A5EEF6-ABFA-4402-8CD2-1359FEF36C5E}.Release|Any CPU.Build.0 = Release|Any CPU
		{0AC53222-0083-4A49-A18A-AC4D2F2A8543}.Debug|Any CPU.ActiveCfg = Debug|Any CPU
		{0AC53222-0083-4A49-A18A-AC4D2F2A8543}.Debug|Any CPU.Build.0 = Debug|Any CPU
		{0AC53222-0083-4A49-A18A-AC4D2F2A8543}.Release|Any CPU.ActiveCfg = Release|Any CPU
		{0AC53222-0083-4A49-A18A-AC4D2F2A8543}.Release|Any CPU.Build.0 = Release|Any CPU
		{EB88A83D-0633-48E0-B027-3575C41C9CA7}.Debug|Any CPU.ActiveCfg = Debug|Any CPU
		{EB88A83D-0633-48E0-B027-3575C41C9CA7}.Debug|Any CPU.Build.0 = Debug|Any CPU
		{EB88A83D-0633-48E0-B027-3575C41C9CA7}.Release|Any CPU.ActiveCfg = Release|Any CPU
		{EB88A83D-0633-48E0-B027-3575C41C9CA7}.Release|Any CPU.Build.0 = Release|Any CPU
		{F0405922-D53A-44F4-A185-003725216367}.Debug|Any CPU.ActiveCfg = Debug|Any CPU
		{F0405922-D53A-44F4-A185-003725216367}.Debug|Any CPU.Build.0 = Debug|Any CPU
		{F0405922-D53A-44F4-A185-003725216367}.Release|Any CPU.ActiveCfg = Release|Any CPU
		{F0405922-D53A-44F4-A185-003725216367}.Release|Any CPU.Build.0 = Release|Any CPU
		{2EBAE580-9E6C-4A6F-8F42-12BB37101272}.Debug|Any CPU.ActiveCfg = Debug|Any CPU
		{2EBAE580-9E6C-4A6F-8F42-12BB37101272}.Debug|Any CPU.Build.0 = Debug|Any CPU
		{2EBAE580-9E6C-4A6F-8F42-12BB37101272}.Release|Any CPU.ActiveCfg = Release|Any CPU
		{2EBAE580-9E6C-4A6F-8F42-12BB37101272}.Release|Any CPU.Build.0 = Release|Any CPU
		{C40E35C1-C21E-4BAC-8B31-61A9D46E9F8C}.Debug|Any CPU.ActiveCfg = Debug|Any CPU
		{C40E35C1-C21E-4BAC-8B31-61A9D46E9F8C}.Debug|Any CPU.Build.0 = Debug|Any CPU
		{C40E35C1-C21E-4BAC-8B31-61A9D46E9F8C}.Release|Any CPU.ActiveCfg = Release|Any CPU
		{C40E35C1-C21E-4BAC-8B31-61A9D46E9F8C}.Release|Any CPU.Build.0 = Release|Any CPU
		{FD32124D-3452-4480-8E93-FA39D06F7350}.Debug|Any CPU.ActiveCfg = Debug|Any CPU
		{FD32124D-3452-4480-8E93-FA39D06F7350}.Debug|Any CPU.Build.0 = Debug|Any CPU
		{FD32124D-3452-4480-8E93-FA39D06F7350}.Release|Any CPU.ActiveCfg = Release|Any CPU
		{FD32124D-3452-4480-8E93-FA39D06F7350}.Release|Any CPU.Build.0 = Release|Any CPU
		{0933DA46-7952-4E71-8DBE-8CF1CD7D3F7B}.Debug|Any CPU.ActiveCfg = Debug|Any CPU
		{0933DA46-7952-4E71-8DBE-8CF1CD7D3F7B}.Debug|Any CPU.Build.0 = Debug|Any CPU
		{0933DA46-7952-4E71-8DBE-8CF1CD7D3F7B}.Release|Any CPU.ActiveCfg = Release|Any CPU
		{0933DA46-7952-4E71-8DBE-8CF1CD7D3F7B}.Release|Any CPU.Build.0 = Release|Any CPU
	EndGlobalSection
	GlobalSection(SolutionProperties) = preSolution
		HideSolutionNode = FALSE
	EndGlobalSection
EndGlobal
